
Microsoft Visual Studio Solution File, Format Version 12.00
# Visual Studio Version 16
VisualStudioVersion = 16.0.34301.259
MinimumVisualStudioVersion = 10.0.40219.1
Project("{FAE04EC0-301F-11D3-BF4B-00C04F79EFBC}") = "QUANLYKHO", "QUANLYKHO\QUANLYKHO.csproj", "{97F700A9-F866-4A5A-85D0-BD5714FE7113}"
EndProject
Global
	GlobalSection(SolutionConfigurationPlatforms) = preSolution
		Debug|Any CPU = Debug|Any CPU
		Release|Any CPU = Release|Any CPU
	EndGlobalSection
	GlobalSection(ProjectConfigurationPlatforms) = postSolution
		{97F700A9-F866-4A5A-85D0-BD5714FE7113}.Debug|Any CPU.ActiveCfg = Debug|Any CPU
		{97F700A9-F866-4A5A-85D0-BD5714FE7113}.Debug|Any CPU.Build.0 = Debug|Any CPU
		{97F700A9-F866-4A5A-85D0-BD5714FE7113}.Release|Any CPU.ActiveCfg = Release|Any CPU
		{97F700A9-F866-4A5A-85D0-BD5714FE7113}.Release|Any CPU.Build.0 = Release|Any CPU
	EndGlobalSection
	GlobalSection(SolutionProperties) = preSolution
		HideSolutionNode = FALSE
	EndGlobalSection
	GlobalSection(ExtensibilityGlobals) = postSolution
		SolutionGuid = {76A55814-C894-4FC2-88F6-9A350A3FC426}
	EndGlobalSection
EndGlobal
